Microsoft Visual Studio Solution File, Format Version 12.00
# Visual Studio Version 17
VisualStudioVersion = 17.5.2.0
MinimumVisualStudioVersion = 10.0.40219.1
Project("{FAE04EC0-301F-11D3-BF4B-00C04F79EFBC}") = "PolyCartaApi", "PolyCartaApi.csproj", "{89858955-640D-6F8B-5007-1A2CBAD23731}"
EndProject
Global
	GlobalSection(SolutionConfigurationPlatforms) = preSolution
		Debug|Any CPU = Debug|Any CPU
		Release|Any CPU = Release|Any CPU
	EndGlobalSection
	GlobalSection(ProjectConfigurationPlatforms) = postSolution
		{89858955-640D-6F8B-5007-1A2CBAD23731}.Debug|Any CPU.ActiveCfg = Debug|Any CPU
		{89858955-640D-6F8B-5007-1A2CBAD23731}.Debug|Any CPU.Build.0 = Debug|Any CPU
		{89858955-640D-6F8B-5007-1A2CBAD23731}.Release|Any CPU.ActiveCfg = Release|Any CPU
		{89858955-640D-6F8B-5007-1A2CBAD23731}.Release|Any CPU.Build.0 = Release|Any CPU
	EndGlobalSection
	GlobalSection(SolutionProperties) = preSolution
		HideSolutionNode = FALSE
	EndGlobalSection
	GlobalSection(ExtensibilityGlobals) = postSolution
		SolutionGuid = {1113AB76-2969-42EC-8A81-C9AAA17515B8}
	EndGlobalSection
EndGlobal
